
Microsoft Visual Studio Solution File, Format Version 11.00
# Visual Studio 2010
Project("{FAE04EC0-301F-11D3-BF4B-00C04F79EFBC}") = "Air Drums", "Assembly-CSharp.csproj", "{D147CC60-010D-CF58-44C0-EFA9ECBA6969}"
EndProject
Project("{FAE04EC0-301F-11D3-BF4B-00C04F79EFBC}") = "Air Drums", "Assembly-CSharp-Editor.csproj", "{FA33AEAD-0131-5AE9-783E-791C2A53B6AF}"
EndProject
Global
	GlobalSection(SolutionConfigurationPlatforms) = preSolution
		Debug|Any CPU = Debug|Any CPU
		Release|Any CPU = Release|Any CPU
	EndGlobalSection
	GlobalSection(ProjectConfigurationPlatforms) = postSolution
		{D147CC60-010D-CF58-44C0-EFA9ECBA6969}.Debug|Any CPU.ActiveCfg = Debug|Any CPU
		{D147CC60-010D-CF58-44C0-EFA9ECBA6969}.Debug|Any CPU.Build.0 = Debug|Any CPU
		{D147CC60-010D-CF58-44C0-EFA9ECBA6969}.Release|Any CPU.ActiveCfg = Release|Any CPU
		{D147CC60-010D-CF58-44C0-EFA9ECBA6969}.Release|Any CPU.Build.0 = Release|Any CPU
		{FA33AEAD-0131-5AE9-783E-791C2A53B6AF}.Debug|Any CPU.ActiveCfg = Debug|Any CPU
		{FA33AEAD-0131-5AE9-783E-791C2A53B6AF}.Debug|Any CPU.Build.0 = Debug|Any CPU
		{FA33AEAD-0131-5AE9-783E-791C2A53B6AF}.Release|Any CPU.ActiveCfg = Release|Any CPU
		{FA33AEAD-0131-5AE9-783E-791C2A53B6AF}.Release|Any CPU.Build.0 = Release|Any CPU
	EndGlobalSection
	GlobalSection(SolutionProperties) = preSolution
		HideSolutionNode = FALSE
	EndGlobalSection
	GlobalSection(MonoDevelopProperties) = preSolution
		StartupItem = Assembly-CSharp.csproj
	EndGlobalSection
EndGlobal
